{
  "nodes": {
    "flake-compat": {
      "flake": false,
      "locked": {
        "lastModified": 1689678398,
        "narHash": "sha256-qkxxpLpwO/76oMUbk3Q6FiEDO2P/HMzltXNYIVR2SH8=",
        "owner": "rhinofi",
        "repo": "flake-compat",
        "rev": "7d2468771521d5197e583c4453387ea7f71e72e4",
        "type": "github"
      },
      "original": {
        "owner": "rhinofi",
        "ref": "lock-file-overrides",
        "repo": "flake-compat",
        "type": "github"
      }
    },
    "flake-parts": {
      "inputs": {
        "nixpkgs-lib": "nixpkgs-lib"
      },
      "locked": {
        "lastModified": 1688466019,
        "narHash": "sha256-VeM2akYrBYMsb4W/MmBo1zmaMfgbL4cH3Pu8PGyIwJ0=",
        "owner": "hercules-ci",
        "repo": "flake-parts",
        "rev": "8e8d955c22df93dbe24f19ea04f47a74adbdc5ec",
        "type": "github"
      },
      "original": {
        "owner": "hercules-ci",
        "repo": "flake-parts",
        "type": "github"
      }
    },
    "nixpkgs": {
      "locked": {
        "lastModified": 1678693419,
        "narHash": "sha256-bbSv5yqZAW6dz+3f3f3pOUZbxpPN+3OgCljgn7P+nnQ=",
        "owner": "nixos",
        "repo": "nixpkgs",
        "rev": "8e3fad82be64c06fbfb9fd43993aec9ef4623936",
        "type": "github"
      },
      "original": {
        "owner": "nixos",
        "repo": "nixpkgs",
        "rev": "8e3fad82be64c06fbfb9fd43993aec9ef4623936",
        "type": "github"
      }
    },
    "nixpkgs-lib": {
      "locked": {
        "dir": "lib",
        "lastModified": 1688049487,
        "narHash": "sha256-100g4iaKC9MalDjUW9iN6Jl/OocTDtXdeAj7pEGIRh4=",
        "owner": "NixOS",
        "repo": "nixpkgs",
        "rev": "4bc72cae107788bf3f24f30db2e2f685c9298dc9",
        "type": "github"
      },
      "original": {
        "dir": "lib",
        "owner": "NixOS",
        "ref": "nixos-unstable",
        "repo": "nixpkgs",
        "type": "github"
      }
    },
    "process-compose-flake": {
      "locked": {
        "lastModified": 1689622628,
        "narHash": "sha256-V2FEzYpjBYed5Sf6zngbyk7Z0mClxvSu8jawRs0fvRE=",
        "owner": "Platonic-Systems",
        "repo": "process-compose-flake",
        "rev": "67949a2e1c720838e233d3e7397ccddd7c9d4188",
        "type": "github"
      },
      "original": {
        "owner": "Platonic-Systems",
        "repo": "process-compose-flake",
        "type": "github"
      }
    },
    "root": {
      "inputs": {
        "flake-compat": "flake-compat",
        "flake-parts": "flake-parts",
        "nixpkgs": "nixpkgs",
        "process-compose-flake": "process-compose-flake",
        "services-flake": "services-flake",
        "systems": "systems"
      }
    },
    "services-flake": {
      "locked": {
        "lastModified": 1689626733,
        "narHash": "sha256-bi0Rt93mSwsnDci2gfpqv4GFaz+dA+SSJAM2C0JTP4c=",
        "owner": "juspay",
        "repo": "services-flake",
        "rev": "8b8eea9230e582bd971007a2a59728314d49d399",
        "type": "github"
      },
      "original": {
        "owner": "juspay",
        "repo": "services-flake",
        "type": "github"
      }
    },
    "systems": {
      "locked": {
        "lastModified": 1681028828,
        "narHash": "sha256-Vy1rq5AaRuLzOxct8nz4T6wlgyUR7zLU309k9mBC768=",
        "owner": "nix-systems",
        "repo": "default",
        "rev": "da67096a3b9bf56a91d16901293e51ba5b49a27e",
        "type": "github"
      },
      "original": {
        "owner": "nix-systems",
        "repo": "default",
        "type": "github"
      }
    }
  },
  "root": "root",
  "version": 7
}
